// !$*UTF8*$!
{
	archiveVersion = 1;
	classes = {
	};
	objectVersion = 48;
	objects = {

/* Begin PBXBuildFile section */
		DDB4C66C203D1BC70014F7D1 /* AppDelegate.swift in Sources */ = {isa = PBXBuildFile; fileRef = DDB4C66B203D1BC70014F7D1 /* AppDelegate.swift */; };
		DDB4C66E203D1BC70014F7D1 /* ViewController.swift in Sources */ = {isa = PBXBuildFile; fileRef = DDB4C66D203D1BC70014F7D1 /* ViewController.swift */; };
		DDB4C671203D1BC70014F7D1 /* Main.storyboard in Resources */ = {isa = PBXBuildFile; fileRef = DDB4C66F203D1BC70014F7D1 /* Main.storyboard */; };
		DDB4C673203D1BC70014F7D1 /* Assets.xcassets in Resources */ = {isa = PBXBuildFile; fileRef = DDB4C672203D1BC70014F7D1 /* Assets.xcassets */; };
		DDB4C676203D1BC70014F7D1 /* LaunchScreen.storyboard in Resources */ = {isa = PBXBuildFile; fileRef = DDB4C674203D1BC70014F7D1 /* LaunchScreen.storyboard */; };
		DDB4C67E203D1C5C0014F7D1 /* WebViewController.swift in Sources */ = {isa = PBXBuildFile; fileRef = DDB4C67D203D1C5C0014F7D1 /* WebViewController.swift */; };
/* End PBXBuildFile section */

/* Begin PBXFileReference section */
		DDB4C668203D1BC70014F7D1 /* SampleWebViewBackGesture.app */ = {isa = PBXFileReference; explicitFileType = wrapper.application; includeInIndex = 0; path = SampleWebViewBackGesture.app; sourceTree = BUILT_PRODUCTS_DIR; };
		DDB4C66B203D1BC70014F7D1 /* AppDelegate.swift */ = {isa = PBXFileReference; lastKnownFileType = sourcecode.swift; path = AppDelegate.swift; sourceTree = "<group>"; };
		DDB4C66D203D1BC70014F7D1 /* ViewController.swift */ = {isa = PBXFileReference; lastKnownFileType = sourcecode.swift; path = ViewController.swift; sourceTree = "<group>"; };
		DDB4C670203D1BC70014F7D1 /* Base */ = {isa = PBXFileReference; lastKnownFileType = file.storyboard; name = Base; path = Base.lproj/Main.storyboard; sourceTree = "<group>"; };
		DDB4C672203D1BC70014F7D1 /* Assets.xcassets */ = {isa = PBXFileReference; lastKnownFileType = folder.assetcatalog; path = Assets.xcassets; sourceTree = "<group>"; };
		DDB4C675203D1BC70014F7D1 /* Base */ = {isa = PBXFileReference; lastKnownFileType = file.storyboard; name = Base; path = Base.lproj/LaunchScreen.storyboard; sourceTree = "<group>"; };
		DDB4C677203D1BC70014F7D1 /* Info.plist */ = {isa = PBXFileReference; lastKnownFileType = text.plist.xml; path = Info.plist; sourceTree = "<group>"; };
		DDB4C67D203D1C5C0014F7D1 /* WebViewController.swift */ = {isa = PBXFileReference; lastKnownFileType = sourcecode.swift; path = WebViewController.swift; sourceTree = "<group>"; };
/* End PBXFileReference section */

/* Begin PBXFrameworksBuildPhase section */
		DDB4C665203D1BC70014F7D1 /* Frameworks */ = {
			isa = PBXFrameworksBuildPhase;
			buildActionMask = 2147483647;
			files = (
			);
			runOnlyForDeploymentPostprocessing = 0;
		};
/* End PBXFrameworksBuildPhase section */

/* Begin PBXGroup section */
		DDB4C65F203D1BC70014F7D1 = {
			isa = PBXGroup;
			children = (
				DDB4C66A203D1BC70014F7D1 /* SampleWebViewBackGesture */,
				DDB4C669203D1BC70014F7D1 /* Products */,
			);
			sourceTree = "<group>";
		};
		DDB4C669203D1BC70014F7D1 /* Products */ = {
			isa = PBXGroup;
			children = (
				DDB4C668203D1BC70014F7D1 /* SampleWebViewBackGesture.app */,
			);
			name = Products;
			sourceTree = "<group>";
		};
		DDB4C66A203D1BC70014F7D1 /* SampleWebViewBackGesture */ = {
			isa = PBXGroup;
			children = (
				DDB4C66B203D1BC70014F7D1 /* AppDelegate.swift */,
				DDB4C66D203D1BC70014F7D1 /* ViewController.swift */,
				DDB4C67D203D1C5C0014F7D1 /* WebViewController.swift */,
				DDB4C66F203D1BC70014F7D1 /* Main.storyboard */,
				DDB4C672203D1BC70014F7D1 /* Assets.xcassets */,
				DDB4C674203D1BC70014F7D1 /* LaunchScreen.storyboard */,
				DDB4C677203D1BC70014F7D1 /* Info.plist */,
			);
			path = SampleWebViewBackGesture;
			sourceTree = "<group>";
		};
/* End PBXGroup section */

/* Begin PBXNativeTarget section */
		DDB4C667203D1BC70014F7D1 /* SampleWebViewBackGesture */ = {
			isa = PBXNativeTarget;
			buildConfigurationList = DDB4C67A203D1BC70014F7D1 /* Build configuration list for PBXNativeTarget "SampleWebViewBackGesture" */;
			buildPhases = (
				DDB4C664203D1BC70014F7D1 /* Sources */,
				DDB4C665203D1BC70014F7D1 /* Frameworks */,
				DDB4C666203D1BC70014F7D1 /* Resources */,
			);
			buildRules = (
			);
			dependencies = (
			);
			name = SampleWebViewBackGesture;
			productName = SampleWebViewBackGesture;
			productReference = DDB4C668203D1BC70014F7D1 /* SampleWebViewBackGesture.app */;
			productType = "com.apple.product-type.application";
		};
/* End PBXNativeTarget section */

/* Begin PBXProject section */
		DDB4C660203D1BC70014F7D1 /* Project object */ = {
			isa = PBXProject;
			attributes = {
				LastSwiftUpdateCheck = 0920;
				LastUpgradeCheck = 0920;
				ORGANIZATIONNAME = "Teruhiro Matsukawa";
				TargetAttributes = {
					DDB4C667203D1BC70014F7D1 = {
						CreatedOnToolsVersion = 9.2;
						ProvisioningStyle = Automatic;
					};
				};
			};
			buildConfigurationList = DDB4C663203D1BC70014F7D1 /* Build configuration list for PBXProject "SampleWebViewBackGesture" */;
			compatibilityVersion = "Xcode 8.0";
			developmentRegion = en;
			hasScannedForEncodings = 0;
			knownRegions = (
				en,
				Base,
			);
			mainGroup = DDB4C65F203D1BC70014F7D1;
			productRefGroup = DDB4C669203D1BC70014F7D1 /* Products */;
			projectDirPath = "";
			projectRoot = "";
			targets = (
				DDB4C667203D1BC70014F7D1 /* SampleWebViewBackGesture */,
			);
		};
/* End PBXProject section */

/* Begin PBXResourcesBuildPhase section */
		DDB4C666203D1BC70014F7D1 /* Resources */ = {
			isa = PBXResourcesBuildPhase;
			buildActionMask = 2147483647;
			files = (
				DDB4C676203D1BC70014F7D1 /* LaunchScreen.storyboard in Resources */,
				DDB4C673203D1BC70014F7D1 /* Assets.xcassets in Resources */,
				DDB4C671203D1BC70014F7D1 /* Main.storyboard in Resources */,
			);
			runOnlyForDeploymentPostprocessing = 0;
		};
/* End PBXResourcesBuildPhase section */

/* Begin PBXSourcesBuildPhase section */
		DDB4C664203D1BC70014F7D1 /* Sources */ = {
			isa = PBXSourcesBuildPhase;
			buildActionMask = 2147483647;
			files = (
				DDB4C66E203D1BC70014F7D1 /* ViewController.swift in Sources */,
				DDB4C67E203D1C5C0014F7D1 /* WebViewController.swift in Sources */,
				DDB4C66C203D1BC70014F7D1 /* AppDelegate.swift in Sources */,
			);
			runOnlyForDeploymentPostprocessing = 0;
		};
/* End PBXSourcesBuildPhase section */

/* Begin PBXVariantGroup section */
		DDB4C66F203D1BC70014F7D1 /* Main.storyboard */ = {
			isa = PBXVariantGroup;
			children = (
				DDB4C670203D1BC70014F7D1 /* Base */,
			);
			name = Main.storyboard;
			sourceTree = "<group>";
		};
		DDB4C674203D1BC70014F7D1 /* LaunchScreen.storyboard */ = {
			isa = PBXVariantGroup;
			children = (
				DDB4C675203D1BC70014F7D1 /* Base */,
			);
			name = LaunchScreen.storyboard;
			sourceTree = "<group>";
		};
/* End PBXVariantGroup section */

/* Begin XCBuildConfiguration section */
		DDB4C678203D1BC70014F7D1 /* Debug */ = {
			isa = XCBuildConfiguration;
			buildSettings = {
				ALWAYS_SEARCH_USER_PATHS = NO;
				CLANG_ANALYZER_NONNULL = YES;
				CLANG_ANALYZER_NUMBER_OBJECT_CONVERSION = YES_AGGRESSIVE;
				CLANG_CXX_LANGUAGE_STANDARD = "gnu++14";
				CLANG_CXX_LIBRARY = "libc++";
				CLANG_ENABLE_MODULES = YES;
				CLANG_ENABLE_OBJC_ARC = YES;
				CLANG_WARN_BLOCK_CAPTURE_AUTORELEASING = YES;
				CLANG_WARN_BOOL_CONVERSION = YES;
				CLANG_WARN_COMMA = YES;
				CLANG_WARN_CONSTANT_CONVERSION = YES;
				CLANG_WARN_DIRECT_OBJC_ISA_USAGE = YES_ERROR;
				CLANG_WARN_DOCUMENTATION_COMMENTS = YES;
				CLANG_WARN_EMPTY_BODY = YES;
				CLANG_WARN_ENUM_CONVERSION = YES;
				CLANG_WARN_INFINITE_RECURSION = YES;
				CLANG_WARN_INT_CONVERSION = YES;
				CLANG_WARN_NON_LITERAL_NULL_CONVERSION = YES;
				CLANG_WARN_OBJC_LITERAL_CONVERSION = YES;
				CLANG_WARN_OBJC_ROOT_CLASS = YES_ERROR;
				CLANG_WARN_RANGE_LOOP_ANALYSIS = YES;
				CLANG_WARN_STRICT_PROTOTYPES = YES;
				CLANG_WARN_SUSPICIOUS_MOVE = YES;
				CLANG_WARN_UNGUARDED_AVAILABILITY = YES_AGGRESSIVE;
				CLANG_WARN_UNREACHABLE_CODE = YES;
				CLANG_WARN__DUPLICATE_METHOD_MATCH = YES;
				CODE_SIGN_IDENTITY = "iPhone Developer";
				COPY_PHASE_STRIP = NO;
				DEBUG_INFORMATION_FORMAT = dwarf;
				ENABLE_STRICT_OBJC_MSGSEND = YES;
				ENABLE_TESTABILITY = YES;
				GCC_C_LANGUAGE_STANDARD = gnu11;
				GCC_DYNAMIC_NO_PIC = NO;
				GCC_NO_COMMON_BLOCKS = YES;
				GCC_OPTIMIZATION_LEVEL = 0;
				GCC_PREPROCESSOR_DEFINITIONS = (
					"DEBUG=1",
					"$(inherited)",
				);
				GCC_WARN_64_TO_32_BIT_CONVERSION = YES;
				GCC_WARN_ABOUT_RETURN_TYPE = YES_ERROR;
				GCC_WARN_UNDECLARED_SELECTOR = YES;
				GCC_WARN_UNINITIALIZED_AUTOS = YES_AGGRESSIVE;
				GCC_WARN_UNUSED_FUNCTION = YES;
				GCC_WARN_UNUSED_VARIABLE = YES;
				IPHONEOS_DEPLOYMENT_TARGET = 11.2;
				MTL_ENABLE_DEBUG_INFO = YES;
				ONLY_ACTIVE_ARCH = YES;
				SDKROOT = iphoneos;
				SWIFT_ACTIVE_COMPILATION_CONDITIONS = DEBUG;
				SWIFT_OPTIMIZATION_LEVEL = "-Onone";
			};
			name = Debug;
		};
		DDB4C679203D1BC70014F7D1 /* Release */ = {
			isa = XCBuildConfiguration;
			buildSettings = {
				ALWAYS_SEARCH_USER_PATHS = NO;
				CLANG_ANALYZER_NONNULL = YES;
				CLANG_ANALYZER_NUMBER_OBJECT_CONVERSION = YES_AGGRESSIVE;
				CLANG_CXX_LANGUAGE_STANDARD = "gnu++14";
				CLANG_CXX_LIBRARY = "libc++";
				CLANG_ENABLE_MODULES = YES;
				CLANG_ENABLE_OBJC_ARC = YES;
				CLANG_WARN_BLOCK_CAPTURE_AUTORELEASING = YES;
				CLANG_WARN_BOOL_CONVERSION = YES;
				CLANG_WARN_COMMA = YES;
				CLANG_WARN_CONSTANT_CONVERSION = YES;
				CLANG_WARN_DIRECT_OBJC_ISA_USAGE = YES_ERROR;
				CLANG_WARN_DOCUMENTATION_COMMENTS = YES;
				CLANG_WARN_EMPTY_BODY = YES;
				CLANG_WARN_ENUM_CONVERSION = YES;
				CLANG_WARN_INFINITE_RECURSION = YES;
				CLANG_WARN_INT_CONVERSION = YES;
				CLANG_WARN_NON_LITERAL_NULL_CONVERSION = YES;
				CLANG_WARN_OBJC_LITERAL_CONVERSION = YES;
				CLANG_WARN_OBJC_ROOT_CLASS = YES_ERROR;
				CLANG_WARN_RANGE_LOOP_ANALYSIS = YES;
				CLANG_WARN_STRICT_PROTOTYPES = YES;
				CLANG_WARN_SUSPICIOUS_MOVE = YES;
				CLANG_WARN_UNGUARDED_AVAILABILITY = YES_AGGRESSIVE;
				CLANG_WARN_UNREACHABLE_CODE = YES;
				CLANG_WARN__DUPLICATE_METHOD_MATCH = YES;
				CODE_SIGN_IDENTITY = "iPhone Developer";
				COPY_PHASE_STRIP = NO;
				DEBUG_INFORMATION_FORMAT = "dwarf-with-dsym";
				ENABLE_NS_ASSERTIONS = NO;
				ENABLE_STRICT_OBJC_MSGSEND = YES;
				GCC_C_LANGUAGE_STANDARD = gnu11;
				GCC_NO_COMMON_BLOCKS = YES;
				GCC_WARN_64_TO_32_BIT_CONVERSION = YES;
				GCC_WARN_ABOUT_RETURN_TYPE = YES_ERROR;
				GCC_WARN_UNDECLARED_SELECTOR = YES;
				GCC_WARN_UNINITIALIZED_AUTOS = YES_AGGRESSIVE;
				GCC_WARN_UNUSED_FUNCTION = YES;
				GCC_WARN_UNUSED_VARIABLE = YES;
				IPHONEOS_DEPLOYMENT_TARGET = 11.2;
				MTL_ENABLE_DEBUG_INFO = NO;
				SDKROOT = iphoneos;
				SWIFT_OPTIMIZATION_LEVEL = "-Owholemodule";
				VALIDATE_PRODUCT = YES;
			};
			name = Release;
		};
		DDB4C67B203D1BC70014F7D1 /* Debug */ = {
			isa = XCBuildConfiguration;
			buildSettings = {
				ASSETCATALOG_COMPILER_APPICON_NAME = AppIcon;
				CODE_SIGN_STYLE = Automatic;
				DEVELOPMENT_TEAM = ZGDYV3KT3T;
				INFOPLIST_FILE = SampleWebViewBackGesture/Info.plist;
				LD_RUNPATH_SEARCH_PATHS = "$(inherited) @executable_path/Frameworks";
				PRODUCT_BUNDLE_IDENTIFIER = com.tmr.SampleWebViewBackGesture;
				PRODUCT_NAME = "$(TARGET_NAME)";
				SWIFT_VERSION = 4.0;
				TARGETED_DEVICE_FAMILY = "1,2";
			};
			name = Debug;
		};
		DDB4C67C203D1BC70014F7D1 /* Release */ = {
			isa = XCBuildConfiguration;
			buildSettings = {
				ASSETCATALOG_COMPILER_APPICON_NAME = AppIcon;
				CODE_SIGN_STYLE = Automatic;
				DEVELOPMENT_TEAM = ZGDYV3KT3T;
				INFOPLIST_FILE = SampleWebViewBackGesture/Info.plist;
				LD_RUNPATH_SEARCH_PATHS = "$(inherited) @executable_path/Frameworks";
				PRODUCT_BUNDLE_IDENTIFIER = com.tmr.SampleWebViewBackGesture;
				PRODUCT_NAME = "$(TARGET_NAME)";
				SWIFT_VERSION = 4.0;
				TARGETED_DEVICE_FAMILY = "1,2";
			};
			name = Release;
		};
/* End XCBuildConfiguration section */

/* Begin XCConfigurationList section */
		DDB4C663203D1BC70014F7D1 /* Build configuration list for PBXProject "SampleWebViewBackGesture" */ = {
			isa = XCConfigurationList;
			buildConfigurations = (
				DDB4C678203D1BC70014F7D1 /* Debug */,
				DDB4C679203D1BC70014F7D1 /* Release */,
			);
			defaultConfigurationIsVisible = 0;
			defaultConfigurationName = Release;
		};
		DDB4C67A203D1BC70014F7D1 /* Build configuration list for PBXNativeTarget "SampleWebViewBackGesture" */ = {
			isa = XCConfigurationList;
			buildConfigurations = (
				DDB4C67B203D1BC70014F7D1 /* Debug */,
				DDB4C67C203D1BC70014F7D1 /* Release */,
			);
			defaultConfigurationIsVisible = 0;
			defaultConfigurationName = Release;
		};
/* End XCConfigurationList section */
	};
	rootObject = DDB4C660203D1BC70014F7D1 /* Project object */;
}
